
Microsoft Visual Studio Solution File, Format Version 12.00
# Visual Studio 15
VisualStudioVersion = 15.0.26730.12
MinimumVisualStudioVersion = 10.0.40219.1
Project("{9092AA53-FB77-4645-B42D-1CCCA6BD08BD}") = "ReactMdLayout", "ReactMdLayout.njsproj", "{6FC639E8-7BE9-41C3-B4EF-8997FDB4895D}"
EndProject
Global
	GlobalSection(SolutionConfigurationPlatforms) = preSolution
		Debug|Any CPU = Debug|Any CPU
		Release|Any CPU = Release|Any CPU
	EndGlobalSection
	GlobalSection(ProjectConfigurationPlatforms) = postSolution
		{6FC639E8-7BE9-41C3-B4EF-8997FDB4895D}.Debug|Any CPU.ActiveCfg = Debug|Any CPU
		{6FC639E8-7BE9-41C3-B4EF-8997FDB4895D}.Debug|Any CPU.Build.0 = Debug|Any CPU
		{6FC639E8-7BE9-41C3-B4EF-8997FDB4895D}.Release|Any CPU.ActiveCfg = Release|Any CPU
		{6FC639E8-7BE9-41C3-B4EF-8997FDB4895D}.Release|Any CPU.Build.0 = Release|Any CPU
	EndGlobalSection
	GlobalSection(SolutionProperties) = preSolution
		HideSolutionNode = FALSE
	EndGlobalSection
	GlobalSection(ExtensibilityGlobals) = postSolution
		SolutionGuid = {179CACF7-3807-4775-A412-A4CFDD82EF56}
	EndGlobalSection
EndGlobal
